
Microsoft Visual Studio Solution File, Format Version 12.00
# Visual Studio 2012
Project("{FAE04EC0-301F-11D3-BF4B-00C04F79EFBC}") = "Karbon.Cms.Core", "Src\Karbon.Cms.Core\Karbon.Cms.Core.csproj", "{0CBE1B67-2FB8-40AE-B93F-87FE0BC17246}"
EndProject
Project("{FAE04EC0-301F-11D3-BF4B-00C04F79EFBC}") = "Karbon.Cms.Web", "Src\Karbon.Cms.Web\Karbon.Cms.Web.csproj", "{4F7AAB85-3046-4BA4-AD8A-0E3A08BC093C}"
EndProject
Project("{FAE04EC0-301F-11D3-BF4B-00C04F79EFBC}") = "TestHarness", "Src\TestHarness\TestHarness.csproj", "{E5E9C80C-3053-471C-BE13-DB9705BCC059}"
EndProject
Project("{FAE04EC0-301F-11D3-BF4B-00C04F79EFBC}") = "Karbon.Cms.Tests", "Src\Karbon.Cms.Tests\Karbon.Cms.Tests.csproj", "{F3C9D68B-563C-415E-BFDE-B7CF05E5D345}"
EndProject
Project("{2150E333-8FDC-42A3-9474-1A3956D46DE8}") = "Build", "Build", "{F5D644BF-84B9-4561-BA08-64A343809A1A}"
	ProjectSection(SolutionItems) = preProject
		Package.build.cmd = Package.build.cmd
		Package.build.xml = Package.build.xml
		Package.nuspec = Package.nuspec
	EndProjectSection
EndProject
Project("{E24C65DC-7377-472B-9ABA-BC803B73C61A}") = "Karbon.Cms.NuGet", "Src\Karbon.Cms.NuGet\", "{C3513FBB-56FB-48F9-AF3F-3CA81D73ECFD}"
	ProjectSection(WebsiteProperties) = preProject
		TargetFrameworkMoniker = ".NETFramework,Version%3Dv4.0"
		Debug.AspNetCompiler.VirtualPath = "/Karbon.Cms.NuGet"
		Debug.AspNetCompiler.PhysicalPath = "Src\Karbon.Cms.NuGet\"
		Debug.AspNetCompiler.TargetPath = "PrecompiledWeb\Karbon.Cms.NuGet\"
		Debug.AspNetCompiler.Updateable = "true"
		Debug.AspNetCompiler.ForceOverwrite = "true"
		Debug.AspNetCompiler.FixedNames = "false"
		Debug.AspNetCompiler.Debug = "True"
		Release.AspNetCompiler.VirtualPath = "/Karbon.Cms.NuGet"
		Release.AspNetCompiler.PhysicalPath = "Src\Karbon.Cms.NuGet\"
		Release.AspNetCompiler.TargetPath = "PrecompiledWeb\Karbon.Cms.NuGet\"
		Release.AspNetCompiler.Updateable = "true"
		Release.AspNetCompiler.ForceOverwrite = "true"
		Release.AspNetCompiler.FixedNames = "false"
		Release.AspNetCompiler.Debug = "False"
		VWDPort = "49524"
	EndProjectSection
EndProject
Project("{2150E333-8FDC-42A3-9474-1A3956D46DE8}") = "Misc", "Misc", "{8201E907-8254-4A36-AE26-F1A226FAD0D8}"
	ProjectSection(SolutionItems) = preProject
		LICENSE.txt = LICENSE.txt
		README.md = README.md
	EndProjectSection
EndProject
Global
	GlobalSection(SolutionConfigurationPlatforms) = preSolution
		Debug|Any CPU = Debug|Any CPU
		Release|Any CPU = Release|Any CPU
	EndGlobalSection
	GlobalSection(ProjectConfigurationPlatforms) = postSolution
		{0CBE1B67-2FB8-40AE-B93F-87FE0BC17246}.Debug|Any CPU.ActiveCfg = Debug|Any CPU
		{0CBE1B67-2FB8-40AE-B93F-87FE0BC17246}.Debug|Any CPU.Build.0 = Debug|Any CPU
		{0CBE1B67-2FB8-40AE-B93F-87FE0BC17246}.Release|Any CPU.ActiveCfg = Release|Any CPU
		{0CBE1B67-2FB8-40AE-B93F-87FE0BC17246}.Release|Any CPU.Build.0 = Release|Any CPU
		{4F7AAB85-3046-4BA4-AD8A-0E3A08BC093C}.Debug|Any CPU.ActiveCfg = Debug|Any CPU
		{4F7AAB85-3046-4BA4-AD8A-0E3A08BC093C}.Debug|Any CPU.Build.0 = Debug|Any CPU
		{4F7AAB85-3046-4BA4-AD8A-0E3A08BC093C}.Release|Any CPU.ActiveCfg = Release|Any CPU
		{4F7AAB85-3046-4BA4-AD8A-0E3A08BC093C}.Release|Any CPU.Build.0 = Release|Any CPU
		{E5E9C80C-3053-471C-BE13-DB9705BCC059}.Debug|Any CPU.ActiveCfg = Debug|Any CPU
		{E5E9C80C-3053-471C-BE13-DB9705BCC059}.Debug|Any CPU.Build.0 = Debug|Any CPU
		{E5E9C80C-3053-471C-BE13-DB9705BCC059}.Release|Any CPU.ActiveCfg = Release|Any CPU
		{E5E9C80C-3053-471C-BE13-DB9705BCC059}.Release|Any CPU.Build.0 = Release|Any CPU
		{F3C9D68B-563C-415E-BFDE-B7CF05E5D345}.Debug|Any CPU.ActiveCfg = Debug|Any CPU
		{F3C9D68B-563C-415E-BFDE-B7CF05E5D345}.Debug|Any CPU.Build.0 = Debug|Any CPU
		{F3C9D68B-563C-415E-BFDE-B7CF05E5D345}.Release|Any CPU.ActiveCfg = Release|Any CPU
		{F3C9D68B-563C-415E-BFDE-B7CF05E5D345}.Release|Any CPU.Build.0 = Release|Any CPU
		{C3513FBB-56FB-48F9-AF3F-3CA81D73ECFD}.Debug|Any CPU.ActiveCfg = Debug|Any CPU
		{C3513FBB-56FB-48F9-AF3F-3CA81D73ECFD}.Release|Any CPU.ActiveCfg = Debug|Any CPU
	EndGlobalSection
	GlobalSection(SolutionProperties) = preSolution
		HideSolutionNode = FALSE
	EndGlobalSection
EndGlobal
